<?xml version="1.0" encoding="utf-8"?>
<Project ToolsVersion="4.0" xmlns="http://schemas.microsoft.com/developer/msbuild/2003">
  <ItemGroup>
    <Filter Include="Fichiers sources">
      <UniqueIdentifier>{4FC737F1-C7A5-4376-A066-2A32D752A2FF}</UniqueIdentifier>
      <Extensions>cpp;c;cc;cxx;c++;def;odl;idl;hpj;bat;asm;asmx</Extensions>
    </Filter>
    <Filter Include="Fichiers d%27en-tête">
      <UniqueIdentifier>{93995380-89BD-4b04-88EB-625FBE52EBFB}</UniqueIdentifier>
      <Extensions>h;hh;hpp;hxx;h++;hm;inl;inc;ipp;xsd</Extensions>
    </Filter>
    <Filter Include="Fichiers de ressources">
      <UniqueIdentifier>{67DA6AB6-F800-4c08-8B7A-83BB121AAD01}</UniqueIdentifier>
      <Extensions>rc;ico;cur;bmp;dlg;rc2;rct;bin;rgs;gif;jpg;jpeg;jpe;resx;tiff;tif;png;wav;mfcribbon-ms</Extensions>
    </Filter>
  </ItemGroup>
  <ItemGroup>
    <ClCompile Include="main.cpp">
      <Filter>Fichiers sources</Filter>
    </ClCompile>
    <ClCompile Include="application.cpp">
      <Filter>Fichiers sources</Filter>
    </ClCompile>
    <ClCompile Include="controller.cpp">
      <Filter>Fichiers sources</Filter>
    </ClCompile>
    <ClCompile Include="observer.cpp">
      <Filter>Fichiers sources</Filter>
    </ClCompile>
    <ClCompile Include="subject.cpp">
      <Filter>Fichiers sources</Filter>
    </ClCompile>
    <ClCompile Include="view.cpp">
      <Filter>Fichiers sources</Filter>
    </ClCompile>
    <ClCompile Include="viewmenu.cpp">
      <Filter>Fichiers sources</Filter>
    </ClCompile>
    <ClCompile Include="image.cpp">
      <Filter>Fichiers sources</Filter>
    </ClCompile>
    <ClCompile Include="viewpathinput.cpp">
      <Filter>Fichiers sources</Filter>
    </ClCompile>
    <ClCompile Include="viewmedianblur.cpp">
      <Filter>Fichiers sources</Filter>
    </ClCompile>
    <ClCompile Include="viewgaussianblur.cpp">
      <Filter>Fichiers sources</Filter>
    </ClCompile>
    <ClCompile Include="viewgradient.cpp">
      <Filter>Fichiers sources</Filter>
    </ClCompile>
    <ClCompile Include="viewerosion.cpp">
      <Filter>Fichiers sources</Filter>
    </ClCompile>
    <ClCompile Include="viewpreview.cpp">
      <Filter>Fichiers sources</Filter>
    </ClCompile>
    <ClCompile Include="viewdilation.cpp">
      <Filter>Fichiers sources</Filter>
    </ClCompile>
    <ClCompile Include="viewcontours.cpp">
      <Filter>Fichiers sources</Filter>
    </ClCompile>
    <ClCompile Include="viewthreshold.cpp">
      <Filter>Fichiers sources</Filter>
    </ClCompile>
    <ClCompile Include="viewprevious.cpp">
      <Filter>Fichiers sources</Filter>
    </ClCompile>
    <ClCompile Include="viewsave.cpp">
      <Filter>Fichiers sources</Filter>
    </ClCompile>
    <ClCompile Include="viewwatershed.cpp">
      <Filter>Fichiers sources</Filter>
    </ClCompile>
  </ItemGroup>
  <ItemGroup>
    <ClInclude Include="application.h">
      <Filter>Fichiers d%27en-tête</Filter>
    </ClInclude>
    <ClInclude Include="controller.h">
      <Filter>Fichiers d%27en-tête</Filter>
    </ClInclude>
    <ClInclude Include="observer.h">
      <Filter>Fichiers d%27en-tête</Filter>
    </ClInclude>
    <ClInclude Include="subject.h">
      <Filter>Fichiers d%27en-tête</Filter>
    </ClInclude>
    <ClInclude Include="view.h">
      <Filter>Fichiers d%27en-tête</Filter>
    </ClInclude>
    <ClInclude Include="viewmenu.h">
      <Filter>Fichiers d%27en-tête</Filter>
    </ClInclude>
    <ClInclude Include="image.h">
      <Filter>Fichiers d%27en-tête</Filter>
    </ClInclude>
    <ClInclude Include="viewpathinput.h">
      <Filter>Fichiers d%27en-tête</Filter>
    </ClInclude>
    <ClInclude Include="viewmedianblur.h">
      <Filter>Fichiers d%27en-tête</Filter>
    </ClInclude>
    <ClInclude Include="viewgaussianblur.h">
      <Filter>Fichiers d%27en-tête</Filter>
    </ClInclude>
    <ClInclude Include="viewgradient.h">
      <Filter>Fichiers d%27en-tête</Filter>
    </ClInclude>
    <ClInclude Include="viewerosion.h">
      <Filter>Fichiers d%27en-tête</Filter>
    </ClInclude>
    <ClInclude Include="viewpreview.h">
      <Filter>Fichiers d%27en-tête</Filter>
    </ClInclude>
    <ClInclude Include="viewdilation.h">
      <Filter>Fichiers d%27en-tête</Filter>
    </ClInclude>
    <ClInclude Include="viewcontours.h">
      <Filter>Fichiers d%27en-tête</Filter>
    </ClInclude>
    <ClInclude Include="viewthreshold.h">
      <Filter>Fichiers d%27en-tête</Filter>
    </ClInclude>
    <ClInclude Include="viewprevious.h">
      <Filter>Fichiers d%27en-tête</Filter>
    </ClInclude>
    <ClInclude Include="viewsave.h">
      <Filter>Fichiers d%27en-tête</Filter>
    </ClInclude>
    <ClInclude Include="viewwatershed.h">
      <Filter>Fichiers d%27en-tête</Filter>
    </ClInclude>
  </ItemGroup>
</Project>